// !$*UTF8*$!
{
	archiveVersion = 1;
	classes = {
	};
	objectVersion = 51;
	objects = {

/* Begin PBXBuildFile section */
		7DF5E957116CE0BBE58F60A8 /* Pods_FunctionalNetworking.framework in Frameworks */ = {isa = PBXBuildFile; fileRef = EF091508880F457E70C95A1F /* Pods_FunctionalNetworking.framework */; };
		E5948A1C237D540A0033FE1C /* AppDelegate.swift in Sources */ = {isa = PBXBuildFile; fileRef = E5948A1B237D540A0033FE1C /* AppDelegate.swift */; };
		E5948A1E237D540A0033FE1C /* SceneDelegate.swift in Sources */ = {isa = PBXBuildFile; fileRef = E5948A1D237D540A0033FE1C /* SceneDelegate.swift */; };
		E5948A20237D540A0033FE1C /* ViewController.swift in Sources */ = {isa = PBXBuildFile; fileRef = E5948A1F237D540A0033FE1C /* ViewController.swift */; };
		E5948A23237D540A0033FE1C /* Main.storyboard in Resources */ = {isa = PBXBuildFile; fileRef = E5948A21237D540A0033FE1C /* Main.storyboard */; };
		E5948A25237D540C0033FE1C /* Assets.xcassets in Resources */ = {isa = PBXBuildFile; fileRef = E5948A24237D540C0033FE1C /* Assets.xcassets */; };
		E5948A28237D540C0033FE1C /* LaunchScreen.storyboard in Resources */ = {isa = PBXBuildFile; fileRef = E5948A26237D540C0033FE1C /* LaunchScreen.storyboard */; };
		E5948A31237D54940033FE1C /* NetworkFunctions.swift in Sources */ = {isa = PBXBuildFile; fileRef = E5948A30237D54940033FE1C /* NetworkFunctions.swift */; };
		E5948A33237D54BE0033FE1C /* Network.swift in Sources */ = {isa = PBXBuildFile; fileRef = E5948A32237D54BE0033FE1C /* Network.swift */; };
		E5948A36237D54EF0033FE1C /* Functions.swift in Sources */ = {isa = PBXBuildFile; fileRef = E5948A35237D54EF0033FE1C /* Functions.swift */; };
		E5948A38237D55240033FE1C /* APIRoutable.swift in Sources */ = {isa = PBXBuildFile; fileRef = E5948A37237D55240033FE1C /* APIRoutable.swift */; };
		E5948A3A237D556D0033FE1C /* URLSessionType.swift in Sources */ = {isa = PBXBuildFile; fileRef = E5948A39237D556D0033FE1C /* URLSessionType.swift */; };
		E5948A3D237D55C50033FE1C /* Encodable+Extension.swift in Sources */ = {isa = PBXBuildFile; fileRef = E5948A3C237D55C50033FE1C /* Encodable+Extension.swift */; };
		E5948A3F237D55E80033FE1C /* RestClient.swift in Sources */ = {isa = PBXBuildFile; fileRef = E5948A3E237D55E80033FE1C /* RestClient.swift */; };
		E5948A41237D56350033FE1C /* AuthProvider.swift in Sources */ = {isa = PBXBuildFile; fileRef = E5948A40237D56350033FE1C /* AuthProvider.swift */; };
		E5948A43237D56850033FE1C /* AnyCodable+Extension.swift in Sources */ = {isa = PBXBuildFile; fileRef = E5948A42237D56850033FE1C /* AnyCodable+Extension.swift */; };
		E5948A45237D57240033FE1C /* ConnectivityServiceType.swift in Sources */ = {isa = PBXBuildFile; fileRef = E5948A44237D57240033FE1C /* ConnectivityServiceType.swift */; };
/* End PBXBuildFile section */

/* Begin PBXFileReference section */
		2B637CDE121EB64F03896ABD /* Pods-FunctionalNetworking.debug.xcconfig */ = {isa = PBXFileReference; includeInIndex = 1; lastKnownFileType = text.xcconfig; name = "Pods-FunctionalNetworking.debug.xcconfig"; path = "Target Support Files/Pods-FunctionalNetworking/Pods-FunctionalNetworking.debug.xcconfig"; sourceTree = "<group>"; };
		B1B71FCCDDFEC5A64853E26D /* Pods-FunctionalNetworking.release.xcconfig */ = {isa = PBXFileReference; includeInIndex = 1; lastKnownFileType = text.xcconfig; name = "Pods-FunctionalNetworking.release.xcconfig"; path = "Target Support Files/Pods-FunctionalNetworking/Pods-FunctionalNetworking.release.xcconfig"; sourceTree = "<group>"; };
		E5948A18237D540A0033FE1C /* FunctionalNetworking.app */ = {isa = PBXFileReference; explicitFileType = wrapper.application; includeInIndex = 0; path = FunctionalNetworking.app; sourceTree = BUILT_PRODUCTS_DIR; };
		E5948A1B237D540A0033FE1C /* AppDelegate.swift */ = {isa = PBXFileReference; lastKnownFileType = sourcecode.swift; path = AppDelegate.swift; sourceTree = "<group>"; };
		E5948A1D237D540A0033FE1C /* SceneDelegate.swift */ = {isa = PBXFileReference; lastKnownFileType = sourcecode.swift; path = SceneDelegate.swift; sourceTree = "<group>"; };
		E5948A1F237D540A0033FE1C /* ViewController.swift */ = {isa = PBXFileReference; lastKnownFileType = sourcecode.swift; path = ViewController.swift; sourceTree = "<group>"; };
		E5948A22237D540A0033FE1C /* Base */ = {isa = PBXFileReference; lastKnownFileType = file.storyboard; name = Base; path = Base.lproj/Main.storyboard; sourceTree = "<group>"; };
		E5948A24237D540C0033FE1C /* Assets.xcassets */ = {isa = PBXFileReference; lastKnownFileType = folder.assetcatalog; path = Assets.xcassets; sourceTree = "<group>"; };
		E5948A27237D540C0033FE1C /* Base */ = {isa = PBXFileReference; lastKnownFileType = file.storyboard; name = Base; path = Base.lproj/LaunchScreen.storyboard; sourceTree = "<group>"; };
		E5948A29237D540C0033FE1C /* Info.plist */ = {isa = PBXFileReference; lastKnownFileType = text.plist.xml; path = Info.plist; sourceTree = "<group>"; };
		E5948A30237D54940033FE1C /* NetworkFunctions.swift */ = {isa = PBXFileReference; lastKnownFileType = sourcecode.swift; path = NetworkFunctions.swift; sourceTree = "<group>"; };
		E5948A32237D54BE0033FE1C /* Network.swift */ = {isa = PBXFileReference; lastKnownFileType = sourcecode.swift; path = Network.swift; sourceTree = "<group>"; };
		E5948A35237D54EF0033FE1C /* Functions.swift */ = {isa = PBXFileReference; lastKnownFileType = sourcecode.swift; path = Functions.swift; sourceTree = "<group>"; };
		E5948A37237D55240033FE1C /* APIRoutable.swift */ = {isa = PBXFileReference; lastKnownFileType = sourcecode.swift; path = APIRoutable.swift; sourceTree = "<group>"; };
		E5948A39237D556D0033FE1C /* URLSessionType.swift */ = {isa = PBXFileReference; lastKnownFileType = sourcecode.swift; path = URLSessionType.swift; sourceTree = "<group>"; };
		E5948A3C237D55C50033FE1C /* Encodable+Extension.swift */ = {isa = PBXFileReference; lastKnownFileType = sourcecode.swift; path = "Encodable+Extension.swift"; sourceTree = "<group>"; };
		E5948A3E237D55E80033FE1C /* RestClient.swift */ = {isa = PBXFileReference; lastKnownFileType = sourcecode.swift; path = RestClient.swift; sourceTree = "<group>"; };
		E5948A40237D56350033FE1C /* AuthProvider.swift */ = {isa = PBXFileReference; lastKnownFileType = sourcecode.swift; path = AuthProvider.swift; sourceTree = "<group>"; };
		E5948A42237D56850033FE1C /* AnyCodable+Extension.swift */ = {isa = PBXFileReference; lastKnownFileType = sourcecode.swift; path = "AnyCodable+Extension.swift"; sourceTree = "<group>"; };
		E5948A44237D57240033FE1C /* ConnectivityServiceType.swift */ = {isa = PBXFileReference; lastKnownFileType = sourcecode.swift; path = ConnectivityServiceType.swift; sourceTree = "<group>"; };
		EF091508880F457E70C95A1F /* Pods_FunctionalNetworking.framework */ = {isa = PBXFileReference; explicitFileType = wrapper.framework; includeInIndex = 0; path = Pods_FunctionalNetworking.framework; sourceTree = BUILT_PRODUCTS_DIR; };
/* End PBXFileReference section */

/* Begin PBXFrameworksBuildPhase section */
		E5948A15237D540A0033FE1C /* Frameworks */ = {
			isa = PBXFrameworksBuildPhase;
			buildActionMask = 2147483647;
			files = (
				7DF5E957116CE0BBE58F60A8 /* Pods_FunctionalNetworking.framework in Frameworks */,
			);
			runOnlyForDeploymentPostprocessing = 0;
		};
/* End PBXFrameworksBuildPhase section */

/* Begin PBXGroup section */
		0B359935CB38A062378CB7CD /* Frameworks */ = {
			isa = PBXGroup;
			children = (
				EF091508880F457E70C95A1F /* Pods_FunctionalNetworking.framework */,
			);
			name = Frameworks;
			sourceTree = "<group>";
		};
		CEEA98AB75A9F79C380ABE65 /* Pods */ = {
			isa = PBXGroup;
			children = (
				2B637CDE121EB64F03896ABD /* Pods-FunctionalNetworking.debug.xcconfig */,
				B1B71FCCDDFEC5A64853E26D /* Pods-FunctionalNetworking.release.xcconfig */,
			);
			path = Pods;
			sourceTree = "<group>";
		};
		E5948A0F237D540A0033FE1C = {
			isa = PBXGroup;
			children = (
				E5948A1A237D540A0033FE1C /* FunctionalNetworking */,
				E5948A19237D540A0033FE1C /* Products */,
				CEEA98AB75A9F79C380ABE65 /* Pods */,
				0B359935CB38A062378CB7CD /* Frameworks */,
			);
			sourceTree = "<group>";
		};
		E5948A19237D540A0033FE1C /* Products */ = {
			isa = PBXGroup;
			children = (
				E5948A18237D540A0033FE1C /* FunctionalNetworking.app */,
			);
			name = Products;
			sourceTree = "<group>";
		};
		E5948A1A237D540A0033FE1C /* FunctionalNetworking */ = {
			isa = PBXGroup;
			children = (
				E5948A3B237D55B90033FE1C /* Extensions */,
				E5948A34237D54E60033FE1C /* Common */,
				E5948A2F237D54150033FE1C /* Networking */,
				E5948A1B237D540A0033FE1C /* AppDelegate.swift */,
				E5948A1D237D540A0033FE1C /* SceneDelegate.swift */,
				E5948A1F237D540A0033FE1C /* ViewController.swift */,
				E5948A21237D540A0033FE1C /* Main.storyboard */,
				E5948A24237D540C0033FE1C /* Assets.xcassets */,
				E5948A26237D540C0033FE1C /* LaunchScreen.storyboard */,
				E5948A29237D540C0033FE1C /* Info.plist */,
			);
			path = FunctionalNetworking;
			sourceTree = "<group>";
		};
		E5948A2F237D54150033FE1C /* Networking */ = {
			isa = PBXGroup;
			children = (
				E5948A46237D575A0033FE1C /* REST */,
				E5948A30237D54940033FE1C /* NetworkFunctions.swift */,
				E5948A32237D54BE0033FE1C /* Network.swift */,
				E5948A39237D556D0033FE1C /* URLSessionType.swift */,
				E5948A44237D57240033FE1C /* ConnectivityServiceType.swift */,
			);
			path = Networking;
			sourceTree = "<group>";
		};
		E5948A34237D54E60033FE1C /* Common */ = {
			isa = PBXGroup;
			children = (
				E5948A35237D54EF0033FE1C /* Functions.swift */,
			);
			path = Common;
			sourceTree = "<group>";
		};
		E5948A3B237D55B90033FE1C /* Extensions */ = {
			isa = PBXGroup;
			children = (
				E5948A3C237D55C50033FE1C /* Encodable+Extension.swift */,
				E5948A42237D56850033FE1C /* AnyCodable+Extension.swift */,
			);
			path = Extensions;
			sourceTree = "<group>";
		};
		E5948A46237D575A0033FE1C /* REST */ = {
			isa = PBXGroup;
			children = (
				E5948A3E237D55E80033FE1C /* RestClient.swift */,
				E5948A40237D56350033FE1C /* AuthProvider.swift */,
				E5948A37237D55240033FE1C /* APIRoutable.swift */,
			);
			path = REST;
			sourceTree = "<group>";
		};
/* End PBXGroup section */

/* Begin PBXNativeTarget section */
		E5948A17237D540A0033FE1C /* FunctionalNetworking */ = {
			isa = PBXNativeTarget;
			buildConfigurationList = E5948A2C237D540C0033FE1C /* Build configuration list for PBXNativeTarget "FunctionalNetworking" */;
			buildPhases = (
				53AC4182F435A91F883D3CF0 /* [CP] Check Pods Manifest.lock */,
				E5948A14237D540A0033FE1C /* Sources */,
				E5948A15237D540A0033FE1C /* Frameworks */,
				E5948A16237D540A0033FE1C /* Resources */,
				F7B7E71B364BC2D8618BFE28 /* [CP] Embed Pods Frameworks */,
			);
			buildRules = (
			);
			dependencies = (
			);
			name = FunctionalNetworking;
			productName = FunctionalNetworking;
			productReference = E5948A18237D540A0033FE1C /* FunctionalNetworking.app */;
			productType = "com.apple.product-type.application";
		};
/* End PBXNativeTarget section */

/* Begin PBXProject section */
		E5948A10237D540A0033FE1C /* Project object */ = {
			isa = PBXProject;
			attributes = {
				LastSwiftUpdateCheck = 1100;
				LastUpgradeCheck = 1100;
				ORGANIZATIONNAME = "Maxim Kovalko";
				TargetAttributes = {
					E5948A17237D540A0033FE1C = {
						CreatedOnToolsVersion = 11.0;
					};
				};
			};
			buildConfigurationList = E5948A13237D540A0033FE1C /* Build configuration list for PBXProject "FunctionalNetworking" */;
			compatibilityVersion = "Xcode 9.3";
			developmentRegion = en;
			hasScannedForEncodings = 0;
			knownRegions = (
				en,
				Base,
			);
			mainGroup = E5948A0F237D540A0033FE1C;
			productRefGroup = E5948A19237D540A0033FE1C /* Products */;
			projectDirPath = "";
			projectRoot = "";
			targets = (
				E5948A17237D540A0033FE1C /* FunctionalNetworking */,
			);
		};
/* End PBXProject section */

/* Begin PBXResourcesBuildPhase section */
		E5948A16237D540A0033FE1C /* Resources */ = {
			isa = PBXResourcesBuildPhase;
			buildActionMask = 2147483647;
			files = (
				E5948A28237D540C0033FE1C /* LaunchScreen.storyboard in Resources */,
				E5948A25237D540C0033FE1C /* Assets.xcassets in Resources */,
				E5948A23237D540A0033FE1C /* Main.storyboard in Resources */,
			);
			runOnlyForDeploymentPostprocessing = 0;
		};
/* End PBXResourcesBuildPhase section */

/* Begin PBXShellScriptBuildPhase section */
		53AC4182F435A91F883D3CF0 /* [CP] Check Pods Manifest.lock */ = {
			isa = PBXShellScriptBuildPhase;
			buildActionMask = 2147483647;
			files = (
			);
			inputFileListPaths = (
			);
			inputPaths = (
				"${PODS_PODFILE_DIR_PATH}/Podfile.lock",
				"${PODS_ROOT}/Manifest.lock",
			);
			name = "[CP] Check Pods Manifest.lock";
			outputFileListPaths = (
			);
			outputPaths = (
				"$(DERIVED_FILE_DIR)/Pods-FunctionalNetworking-checkManifestLockResult.txt",
			);
			runOnlyForDeploymentPostprocessing = 0;
			shellPath = /bin/sh;
			shellScript = "diff \"${PODS_PODFILE_DIR_PATH}/Podfile.lock\" \"${PODS_ROOT}/Manifest.lock\" > /dev/null\nif [ $? != 0 ] ; then\n    # print error to STDERR\n    echo \"error: The sandbox is not in sync with the Podfile.lock. Run 'pod install' or update your CocoaPods installation.\" >&2\n    exit 1\nfi\n# This output is used by Xcode 'outputs' to avoid re-running this script phase.\necho \"SUCCESS\" > \"${SCRIPT_OUTPUT_FILE_0}\"\n";
			showEnvVarsInLog = 0;
		};
		F7B7E71B364BC2D8618BFE28 /* [CP] Embed Pods Frameworks */ = {
			isa = PBXShellScriptBuildPhase;
			buildActionMask = 2147483647;
			files = (
			);
			inputFileListPaths = (
				"${PODS_ROOT}/Target Support Files/Pods-FunctionalNetworking/Pods-FunctionalNetworking-frameworks-${CONFIGURATION}-input-files.xcfilelist",
			);
			name = "[CP] Embed Pods Frameworks";
			outputFileListPaths = (
				"${PODS_ROOT}/Target Support Files/Pods-FunctionalNetworking/Pods-FunctionalNetworking-frameworks-${CONFIGURATION}-output-files.xcfilelist",
			);
			runOnlyForDeploymentPostprocessing = 0;
			shellPath = /bin/sh;
			shellScript = "\"${PODS_ROOT}/Target Support Files/Pods-FunctionalNetworking/Pods-FunctionalNetworking-frameworks.sh\"\n";
			showEnvVarsInLog = 0;
		};
/* End PBXShellScriptBuildPhase section */

/* Begin PBXSourcesBuildPhase section */
		E5948A14237D540A0033FE1C /* Sources */ = {
			isa = PBXSourcesBuildPhase;
			buildActionMask = 2147483647;
			files = (
				E5948A3A237D556D0033FE1C /* URLSessionType.swift in Sources */,
				E5948A33237D54BE0033FE1C /* Network.swift in Sources */,
				E5948A31237D54940033FE1C /* NetworkFunctions.swift in Sources */,
				E5948A20237D540A0033FE1C /* ViewController.swift in Sources */,
				E5948A1C237D540A0033FE1C /* AppDelegate.swift in Sources */,
				E5948A3D237D55C50033FE1C /* Encodable+Extension.swift in Sources */,
				E5948A1E237D540A0033FE1C /* SceneDelegate.swift in Sources */,
				E5948A43237D56850033FE1C /* AnyCodable+Extension.swift in Sources */,
				E5948A38237D55240033FE1C /* APIRoutable.swift in Sources */,
				E5948A3F237D55E80033FE1C /* RestClient.swift in Sources */,
				E5948A36237D54EF0033FE1C /* Functions.swift in Sources */,
				E5948A45237D57240033FE1C /* ConnectivityServiceType.swift in Sources */,
				E5948A41237D56350033FE1C /* AuthProvider.swift in Sources */,
			);
			runOnlyForDeploymentPostprocessing = 0;
		};
/* End PBXSourcesBuildPhase section */

/* Begin PBXVariantGroup section */
		E5948A21237D540A0033FE1C /* Main.storyboard */ = {
			isa = PBXVariantGroup;
			children = (
				E5948A22237D540A0033FE1C /* Base */,
			);
			name = Main.storyboard;
			sourceTree = "<group>";
		};
		E5948A26237D540C0033FE1C /* LaunchScreen.storyboard */ = {
			isa = PBXVariantGroup;
			children = (
				E5948A27237D540C0033FE1C /* Base */,
			);
			name = LaunchScreen.storyboard;
			sourceTree = "<group>";
		};
/* End PBXVariantGroup section */

/* Begin XCBuildConfiguration section */
		E5948A2A237D540C0033FE1C /* Debug */ = {
			isa = XCBuildConfiguration;
			buildSettings = {
				ALWAYS_SEARCH_USER_PATHS = NO;
				CLANG_ANALYZER_NONNULL = YES;
				CLANG_ANALYZER_NUMBER_OBJECT_CONVERSION = YES_AGGRESSIVE;
				CLANG_CXX_LANGUAGE_STANDARD = "gnu++14";
				CLANG_CXX_LIBRARY = "libc++";
				CLANG_ENABLE_MODULES = YES;
				CLANG_ENABLE_OBJC_ARC = YES;
				CLANG_ENABLE_OBJC_WEAK = YES;
				CLANG_WARN_BLOCK_CAPTURE_AUTORELEASING = YES;
				CLANG_WARN_BOOL_CONVERSION = YES;
				CLANG_WARN_COMMA = YES;
				CLANG_WARN_CONSTANT_CONVERSION = YES;
				CLANG_WARN_DEPRECATED_OBJC_IMPLEMENTATIONS = YES;
				CLANG_WARN_DIRECT_OBJC_ISA_USAGE = YES_ERROR;
				CLANG_WARN_DOCUMENTATION_COMMENTS = YES;
				CLANG_WARN_EMPTY_BODY = YES;
				CLANG_WARN_ENUM_CONVERSION = YES;
				CLANG_WARN_INFINITE_RECURSION = YES;
				CLANG_WARN_INT_CONVERSION = YES;
				CLANG_WARN_NON_LITERAL_NULL_CONVERSION = YES;
				CLANG_WARN_OBJC_IMPLICIT_RETAIN_SELF = YES;
				CLANG_WARN_OBJC_LITERAL_CONVERSION = YES;
				CLANG_WARN_OBJC_ROOT_CLASS = YES_ERROR;
				CLANG_WARN_RANGE_LOOP_ANALYSIS = YES;
				CLANG_WARN_STRICT_PROTOTYPES = YES;
				CLANG_WARN_SUSPICIOUS_MOVE = YES;
				CLANG_WARN_UNGUARDED_AVAILABILITY = YES_AGGRESSIVE;
				CLANG_WARN_UNREACHABLE_CODE = YES;
				CLANG_WARN__DUPLICATE_METHOD_MATCH = YES;
				COPY_PHASE_STRIP = NO;
				DEBUG_INFORMATION_FORMAT = dwarf;
				ENABLE_STRICT_OBJC_MSGSEND = YES;
				ENABLE_TESTABILITY = YES;
				GCC_C_LANGUAGE_STANDARD = gnu11;
				GCC_DYNAMIC_NO_PIC = NO;
				GCC_NO_COMMON_BLOCKS = YES;
				GCC_OPTIMIZATION_LEVEL = 0;
				GCC_PREPROCESSOR_DEFINITIONS = (
					"DEBUG=1",
					"$(inherited)",
				);
				GCC_WARN_64_TO_32_BIT_CONVERSION = YES;
				GCC_WARN_ABOUT_RETURN_TYPE = YES_ERROR;
				GCC_WARN_UNDECLARED_SELECTOR = YES;
				GCC_WARN_UNINITIALIZED_AUTOS = YES_AGGRESSIVE;
				GCC_WARN_UNUSED_FUNCTION = YES;
				GCC_WARN_UNUSED_VARIABLE = YES;
				IPHONEOS_DEPLOYMENT_TARGET = 13.0;
				MTL_ENABLE_DEBUG_INFO = INCLUDE_SOURCE;
				MTL_FAST_MATH = YES;
				ONLY_ACTIVE_ARCH = YES;
				SDKROOT = iphoneos;
				SWIFT_ACTIVE_COMPILATION_CONDITIONS = DEBUG;
				SWIFT_OPTIMIZATION_LEVEL = "-Onone";
			};
			name = Debug;
		};
		E5948A2B237D540C0033FE1C /* Release */ = {
			isa = XCBuildConfiguration;
			buildSettings = {
				ALWAYS_SEARCH_USER_PATHS = NO;
				CLANG_ANALYZER_NONNULL = YES;
				CLANG_ANALYZER_NUMBER_OBJECT_CONVERSION = YES_AGGRESSIVE;
				CLANG_CXX_LANGUAGE_STANDARD = "gnu++14";
				CLANG_CXX_LIBRARY = "libc++";
				CLANG_ENABLE_MODULES = YES;
				CLANG_ENABLE_OBJC_ARC = YES;
				CLANG_ENABLE_OBJC_WEAK = YES;
				CLANG_WARN_BLOCK_CAPTURE_AUTORELEASING = YES;
				CLANG_WARN_BOOL_CONVERSION = YES;
				CLANG_WARN_COMMA = YES;
				CLANG_WARN_CONSTANT_CONVERSION = YES;
				CLANG_WARN_DEPRECATED_OBJC_IMPLEMENTATIONS = YES;
				CLANG_WARN_DIRECT_OBJC_ISA_USAGE = YES_ERROR;
				CLANG_WARN_DOCUMENTATION_COMMENTS = YES;
				CLANG_WARN_EMPTY_BODY = YES;
				CLANG_WARN_ENUM_CONVERSION = YES;
				CLANG_WARN_INFINITE_RECURSION = YES;
				CLANG_WARN_INT_CONVERSION = YES;
				CLANG_WARN_NON_LITERAL_NULL_CONVERSION = YES;
				CLANG_WARN_OBJC_IMPLICIT_RETAIN_SELF = YES;
				CLANG_WARN_OBJC_LITERAL_CONVERSION = YES;
				CLANG_WARN_OBJC_ROOT_CLASS = YES_ERROR;
				CLANG_WARN_RANGE_LOOP_ANALYSIS = YES;
				CLANG_WARN_STRICT_PROTOTYPES = YES;
				CLANG_WARN_SUSPICIOUS_MOVE = YES;
				CLANG_WARN_UNGUARDED_AVAILABILITY = YES_AGGRESSIVE;
				CLANG_WARN_UNREACHABLE_CODE = YES;
				CLANG_WARN__DUPLICATE_METHOD_MATCH = YES;
				COPY_PHASE_STRIP = NO;
				DEBUG_INFORMATION_FORMAT = "dwarf-with-dsym";
				ENABLE_NS_ASSERTIONS = NO;
				ENABLE_STRICT_OBJC_MSGSEND = YES;
				GCC_C_LANGUAGE_STANDARD = gnu11;
				GCC_NO_COMMON_BLOCKS = YES;
				GCC_WARN_64_TO_32_BIT_CONVERSION = YES;
				GCC_WARN_ABOUT_RETURN_TYPE = YES_ERROR;
				GCC_WARN_UNDECLARED_SELECTOR = YES;
				GCC_WARN_UNINITIALIZED_AUTOS = YES_AGGRESSIVE;
				GCC_WARN_UNUSED_FUNCTION = YES;
				GCC_WARN_UNUSED_VARIABLE = YES;
				IPHONEOS_DEPLOYMENT_TARGET = 13.0;
				MTL_ENABLE_DEBUG_INFO = NO;
				MTL_FAST_MATH = YES;
				SDKROOT = iphoneos;
				SWIFT_COMPILATION_MODE = wholemodule;
				SWIFT_OPTIMIZATION_LEVEL = "-O";
				VALIDATE_PRODUCT = YES;
			};
			name = Release;
		};
		E5948A2D237D540C0033FE1C /* Debug */ = {
			isa = XCBuildConfiguration;
			baseConfigurationReference = 2B637CDE121EB64F03896ABD /* Pods-FunctionalNetworking.debug.xcconfig */;
			buildSettings = {
				ASSETCATALOG_COMPILER_APPICON_NAME = AppIcon;
				CODE_SIGN_STYLE = Automatic;
				DEVELOPMENT_TEAM = ZS9A3Y8V79;
				INFOPLIST_FILE = FunctionalNetworking/Info.plist;
				LD_RUNPATH_SEARCH_PATHS = (
					"$(inherited)",
					"@executable_path/Frameworks",
				);
				PRODUCT_BUNDLE_IDENTIFIER = com.app.FunctionalNetworking;
				PRODUCT_NAME = "$(TARGET_NAME)";
				SWIFT_VERSION = 5.0;
				TARGETED_DEVICE_FAMILY = "1,2";
			};
			name = Debug;
		};
		E5948A2E237D540C0033FE1C /* Release */ = {
			isa = XCBuildConfiguration;
			baseConfigurationReference = B1B71FCCDDFEC5A64853E26D /* Pods-FunctionalNetworking.release.xcconfig */;
			buildSettings = {
				ASSETCATALOG_COMPILER_APPICON_NAME = AppIcon;
				CODE_SIGN_STYLE = Automatic;
				DEVELOPMENT_TEAM = ZS9A3Y8V79;
				INFOPLIST_FILE = FunctionalNetworking/Info.plist;
				LD_RUNPATH_SEARCH_PATHS = (
					"$(inherited)",
					"@executable_path/Frameworks",
				);
				PRODUCT_BUNDLE_IDENTIFIER = com.app.FunctionalNetworking;
				PRODUCT_NAME = "$(TARGET_NAME)";
				SWIFT_VERSION = 5.0;
				TARGETED_DEVICE_FAMILY = "1,2";
			};
			name = Release;
		};
/* End XCBuildConfiguration section */

/* Begin XCConfigurationList section */
		E5948A13237D540A0033FE1C /* Build configuration list for PBXProject "FunctionalNetworking" */ = {
			isa = XCConfigurationList;
			buildConfigurations = (
				E5948A2A237D540C0033FE1C /* Debug */,
				E5948A2B237D540C0033FE1C /* Release */,
			);
			defaultConfigurationIsVisible = 0;
			defaultConfigurationName = Release;
		};
		E5948A2C237D540C0033FE1C /* Build configuration list for PBXNativeTarget "FunctionalNetworking" */ = {
			isa = XCConfigurationList;
			buildConfigurations = (
				E5948A2D237D540C0033FE1C /* Debug */,
				E5948A2E237D540C0033FE1C /* Release */,
			);
			defaultConfigurationIsVisible = 0;
			defaultConfigurationName = Release;
		};
/* End XCConfigurationList section */
	};
	rootObject = E5948A10237D540A0033FE1C /* Project object */;
}
