// !$*UTF8*$!
{
	archiveVersion = 1;
	classes = {
	};
	objectVersion = 50;
	objects = {

/* Begin PBXBuildFile section */
		E5948A1C237D540A0033FE1C /* AppDelegate.swift in Sources */ = {isa = PBXBuildFile; fileRef = E5948A1B237D540A0033FE1C /* AppDelegate.swift */; };
		E5948A1E237D540A0033FE1C /* SceneDelegate.swift in Sources */ = {isa = PBXBuildFile; fileRef = E5948A1D237D540A0033FE1C /* SceneDelegate.swift */; };
		E5948A20237D540A0033FE1C /* ViewController.swift in Sources */ = {isa = PBXBuildFile; fileRef = E5948A1F237D540A0033FE1C /* ViewController.swift */; };
		E5948A23237D540A0033FE1C /* Main.storyboard in Resources */ = {isa = PBXBuildFile; fileRef = E5948A21237D540A0033FE1C /* Main.storyboard */; };
		E5948A25237D540C0033FE1C /* Assets.xcassets in Resources */ = {isa = PBXBuildFile; fileRef = E5948A24237D540C0033FE1C /* Assets.xcassets */; };
		E5948A28237D540C0033FE1C /* LaunchScreen.storyboard in Resources */ = {isa = PBXBuildFile; fileRef = E5948A26237D540C0033FE1C /* LaunchScreen.storyboard */; };
/* End PBXBuildFile section */

/* Begin PBXFileReference section */
		E5948A18237D540A0033FE1C /* FunctionalNetworking.app */ = {isa = PBXFileReference; explicitFileType = wrapper.application; includeInIndex = 0; path = FunctionalNetworking.app; sourceTree = BUILT_PRODUCTS_DIR; };
		E5948A1B237D540A0033FE1C /* AppDelegate.swift */ = {isa = PBXFileReference; lastKnownFileType = sourcecode.swift; path = AppDelegate.swift; sourceTree = "<group>"; };
		E5948A1D237D540A0033FE1C /* SceneDelegate.swift */ = {isa = PBXFileReference; lastKnownFileType = sourcecode.swift; path = SceneDelegate.swift; sourceTree = "<group>"; };
		E5948A1F237D540A0033FE1C /* ViewController.swift */ = {isa = PBXFileReference; lastKnownFileType = sourcecode.swift; path = ViewController.swift; sourceTree = "<group>"; };
		E5948A22237D540A0033FE1C /* Base */ = {isa = PBXFileReference; lastKnownFileType = file.storyboard; name = Base; path = Base.lproj/Main.storyboard; sourceTree = "<group>"; };
		E5948A24237D540C0033FE1C /* Assets.xcassets */ = {isa = PBXFileReference; lastKnownFileType = folder.assetcatalog; path = Assets.xcassets; sourceTree = "<group>"; };
		E5948A27237D540C0033FE1C /* Base */ = {isa = PBXFileReference; lastKnownFileType = file.storyboard; name = Base; path = Base.lproj/LaunchScreen.storyboard; sourceTree = "<group>"; };
		E5948A29237D540C0033FE1C /* Info.plist */ = {isa = PBXFileReference; lastKnownFileType = text.plist.xml; path = Info.plist; sourceTree = "<group>"; };
/* End PBXFileReference section */

/* Begin PBXFrameworksBuildPhase section */
		E5948A15237D540A0033FE1C /* Frameworks */ = {
			isa = PBXFrameworksBuildPhase;
			buildActionMask = 2147483647;
			files = (
			);
			runOnlyForDeploymentPostprocessing = 0;
		};
/* End PBXFrameworksBuildPhase section */

/* Begin PBXGroup section */
		E5948A0F237D540A0033FE1C = {
			isa = PBXGroup;
			children = (
				E5948A1A237D540A0033FE1C /* FunctionalNetworking */,
				E5948A19237D540A0033FE1C /* Products */,
			);
			sourceTree = "<group>";
		};
		E5948A19237D540A0033FE1C /* Products */ = {
			isa = PBXGroup;
			children = (
				E5948A18237D540A0033FE1C /* FunctionalNetworking.app */,
			);
			name = Products;
			sourceTree = "<group>";
		};
		E5948A1A237D540A0033FE1C /* FunctionalNetworking */ = {
			isa = PBXGroup;
			children = (
				E5948A1B237D540A0033FE1C /* AppDelegate.swift */,
				E5948A1D237D540A0033FE1C /* SceneDelegate.swift */,
				E5948A1F237D540A0033FE1C /* ViewController.swift */,
				E5948A21237D540A0033FE1C /* Main.storyboard */,
				E5948A24237D540C0033FE1C /* Assets.xcassets */,
				E5948A26237D540C0033FE1C /* LaunchScreen.storyboard */,
				E5948A29237D540C0033FE1C /* Info.plist */,
			);
			path = FunctionalNetworking;
			sourceTree = "<group>";
		};
/* End PBXGroup section */

/* Begin PBXNativeTarget section */
		E5948A17237D540A0033FE1C /* FunctionalNetworking */ = {
			isa = PBXNativeTarget;
			buildConfigurationList = E5948A2C237D540C0033FE1C /* Build configuration list for PBXNativeTarget "FunctionalNetworking" */;
			buildPhases = (
				E5948A14237D540A0033FE1C /* Sources */,
				E5948A15237D540A0033FE1C /* Frameworks */,
				E5948A16237D540A0033FE1C /* Resources */,
			);
			buildRules = (
			);
			dependencies = (
			);
			name = FunctionalNetworking;
			productName = FunctionalNetworking;
			productReference = E5948A18237D540A0033FE1C /* FunctionalNetworking.app */;
			productType = "com.apple.product-type.application";
		};
/* End PBXNativeTarget section */

/* Begin PBXProject section */
		E5948A10237D540A0033FE1C /* Project object */ = {
			isa = PBXProject;
			attributes = {
				LastSwiftUpdateCheck = 1100;
				LastUpgradeCheck = 1100;
				ORGANIZATIONNAME = "Maxim Kovalko";
				TargetAttributes = {
					E5948A17237D540A0033FE1C = {
						CreatedOnToolsVersion = 11.0;
					};
				};
			};
			buildConfigurationList = E5948A13237D540A0033FE1C /* Build configuration list for PBXProject "FunctionalNetworking" */;
			compatibilityVersion = "Xcode 9.3";
			developmentRegion = en;
			hasScannedForEncodings = 0;
			knownRegions = (
				en,
				Base,
			);
			mainGroup = E5948A0F237D540A0033FE1C;
			productRefGroup = E5948A19237D540A0033FE1C /* Products */;
			projectDirPath = "";
			projectRoot = "";
			targets = (
				E5948A17237D540A0033FE1C /* FunctionalNetworking */,
			);
		};
/* End PBXProject section */

/* Begin PBXResourcesBuildPhase section */
		E5948A16237D540A0033FE1C /* Resources */ = {
			isa = PBXResourcesBuildPhase;
			buildActionMask = 2147483647;
			files = (
				E5948A28237D540C0033FE1C /* LaunchScreen.storyboard in Resources */,
				E5948A25237D540C0033FE1C /* Assets.xcassets in Resources */,
				E5948A23237D540A0033FE1C /* Main.storyboard in Resources */,
			);
			runOnlyForDeploymentPostprocessing = 0;
		};
/* End PBXResourcesBuildPhase section */

/* Begin PBXSourcesBuildPhase section */
		E5948A14237D540A0033FE1C /* Sources */ = {
			isa = PBXSourcesBuildPhase;
			buildActionMask = 2147483647;
			files = (
				E5948A20237D540A0033FE1C /* ViewController.swift in Sources */,
				E5948A1C237D540A0033FE1C /* AppDelegate.swift in Sources */,
				E5948A1E237D540A0033FE1C /* SceneDelegate.swift in Sources */,
			);
			runOnlyForDeploymentPostprocessing = 0;
		};
/* End PBXSourcesBuildPhase section */

/* Begin PBXVariantGroup section */
		E5948A21237D540A0033FE1C /* Main.storyboard */ = {
			isa = PBXVariantGroup;
			children = (
				E5948A22237D540A0033FE1C /* Base */,
			);
			name = Main.storyboard;
			sourceTree = "<group>";
		};
		E5948A26237D540C0033FE1C /* LaunchScreen.storyboard */ = {
			isa = PBXVariantGroup;
			children = (
				E5948A27237D540C0033FE1C /* Base */,
			);
			name = LaunchScreen.storyboard;
			sourceTree = "<group>";
		};
/* End PBXVariantGroup section */

/* Begin XCBuildConfiguration section */
		E5948A2A237D540C0033FE1C /* Debug */ = {
			isa = XCBuildConfiguration;
			buildSettings = {
				ALWAYS_SEARCH_USER_PATHS = NO;
				CLANG_ANALYZER_NONNULL = YES;
				CLANG_ANALYZER_NUMBER_OBJECT_CONVERSION = YES_AGGRESSIVE;
				CLANG_CXX_LANGUAGE_STANDARD = "gnu++14";
				CLANG_CXX_LIBRARY = "libc++";
				CLANG_ENABLE_MODULES = YES;
				CLANG_ENABLE_OBJC_ARC = YES;
				CLANG_ENABLE_OBJC_WEAK = YES;
				CLANG_WARN_BLOCK_CAPTURE_AUTORELEASING = YES;
				CLANG_WARN_BOOL_CONVERSION = YES;
				CLANG_WARN_COMMA = YES;
				CLANG_WARN_CONSTANT_CONVERSION = YES;
				CLANG_WARN_DEPRECATED_OBJC_IMPLEMENTATIONS = YES;
				CLANG_WARN_DIRECT_OBJC_ISA_USAGE = YES_ERROR;
				CLANG_WARN_DOCUMENTATION_COMMENTS = YES;
				CLANG_WARN_EMPTY_BODY = YES;
				CLANG_WARN_ENUM_CONVERSION = YES;
				CLANG_WARN_INFINITE_RECURSION = YES;
				CLANG_WARN_INT_CONVERSION = YES;
				CLANG_WARN_NON_LITERAL_NULL_CONVERSION = YES;
				CLANG_WARN_OBJC_IMPLICIT_RETAIN_SELF = YES;
				CLANG_WARN_OBJC_LITERAL_CONVERSION = YES;
				CLANG_WARN_OBJC_ROOT_CLASS = YES_ERROR;
				CLANG_WARN_RANGE_LOOP_ANALYSIS = YES;
				CLANG_WARN_STRICT_PROTOTYPES = YES;
				CLANG_WARN_SUSPICIOUS_MOVE = YES;
				CLANG_WARN_UNGUARDED_AVAILABILITY = YES_AGGRESSIVE;
				CLANG_WARN_UNREACHABLE_CODE = YES;
				CLANG_WARN__DUPLICATE_METHOD_MATCH = YES;
				COPY_PHASE_STRIP = NO;
				DEBUG_INFORMATION_FORMAT = dwarf;
				ENABLE_STRICT_OBJC_MSGSEND = YES;
				ENABLE_TESTABILITY = YES;
				GCC_C_LANGUAGE_STANDARD = gnu11;
				GCC_DYNAMIC_NO_PIC = NO;
				GCC_NO_COMMON_BLOCKS = YES;
				GCC_OPTIMIZATION_LEVEL = 0;
				GCC_PREPROCESSOR_DEFINITIONS = (
					"DEBUG=1",
					"$(inherited)",
				);
				GCC_WARN_64_TO_32_BIT_CONVERSION = YES;
				GCC_WARN_ABOUT_RETURN_TYPE = YES_ERROR;
				GCC_WARN_UNDECLARED_SELECTOR = YES;
				GCC_WARN_UNINITIALIZED_AUTOS = YES_AGGRESSIVE;
				GCC_WARN_UNUSED_FUNCTION = YES;
				GCC_WARN_UNUSED_VARIABLE = YES;
				IPHONEOS_DEPLOYMENT_TARGET = 13.0;
				MTL_ENABLE_DEBUG_INFO = INCLUDE_SOURCE;
				MTL_FAST_MATH = YES;
				ONLY_ACTIVE_ARCH = YES;
				SDKROOT = iphoneos;
				SWIFT_ACTIVE_COMPILATION_CONDITIONS = DEBUG;
				SWIFT_OPTIMIZATION_LEVEL = "-Onone";
			};
			name = Debug;
		};
		E5948A2B237D540C0033FE1C /* Release */ = {
			isa = XCBuildConfiguration;
			buildSettings = {
				ALWAYS_SEARCH_USER_PATHS = NO;
				CLANG_ANALYZER_NONNULL = YES;
				CLANG_ANALYZER_NUMBER_OBJECT_CONVERSION = YES_AGGRESSIVE;
				CLANG_CXX_LANGUAGE_STANDARD = "gnu++14";
				CLANG_CXX_LIBRARY = "libc++";
				CLANG_ENABLE_MODULES = YES;
				CLANG_ENABLE_OBJC_ARC = YES;
				CLANG_ENABLE_OBJC_WEAK = YES;
				CLANG_WARN_BLOCK_CAPTURE_AUTORELEASING = YES;
				CLANG_WARN_BOOL_CONVERSION = YES;
				CLANG_WARN_COMMA = YES;
				CLANG_WARN_CONSTANT_CONVERSION = YES;
				CLANG_WARN_DEPRECATED_OBJC_IMPLEMENTATIONS = YES;
				CLANG_WARN_DIRECT_OBJC_ISA_USAGE = YES_ERROR;
				CLANG_WARN_DOCUMENTATION_COMMENTS = YES;
				CLANG_WARN_EMPTY_BODY = YES;
				CLANG_WARN_ENUM_CONVERSION = YES;
				CLANG_WARN_INFINITE_RECURSION = YES;
				CLANG_WARN_INT_CONVERSION = YES;
				CLANG_WARN_NON_LITERAL_NULL_CONVERSION = YES;
				CLANG_WARN_OBJC_IMPLICIT_RETAIN_SELF = YES;
				CLANG_WARN_OBJC_LITERAL_CONVERSION = YES;
				CLANG_WARN_OBJC_ROOT_CLASS = YES_ERROR;
				CLANG_WARN_RANGE_LOOP_ANALYSIS = YES;
				CLANG_WARN_STRICT_PROTOTYPES = YES;
				CLANG_WARN_SUSPICIOUS_MOVE = YES;
				CLANG_WARN_UNGUARDED_AVAILABILITY = YES_AGGRESSIVE;
				CLANG_WARN_UNREACHABLE_CODE = YES;
				CLANG_WARN__DUPLICATE_METHOD_MATCH = YES;
				COPY_PHASE_STRIP = NO;
				DEBUG_INFORMATION_FORMAT = "dwarf-with-dsym";
				ENABLE_NS_ASSERTIONS = NO;
				ENABLE_STRICT_OBJC_MSGSEND = YES;
				GCC_C_LANGUAGE_STANDARD = gnu11;
				GCC_NO_COMMON_BLOCKS = YES;
				GCC_WARN_64_TO_32_BIT_CONVERSION = YES;
				GCC_WARN_ABOUT_RETURN_TYPE = YES_ERROR;
				GCC_WARN_UNDECLARED_SELECTOR = YES;
				GCC_WARN_UNINITIALIZED_AUTOS = YES_AGGRESSIVE;
				GCC_WARN_UNUSED_FUNCTION = YES;
				GCC_WARN_UNUSED_VARIABLE = YES;
				IPHONEOS_DEPLOYMENT_TARGET = 13.0;
				MTL_ENABLE_DEBUG_INFO = NO;
				MTL_FAST_MATH = YES;
				SDKROOT = iphoneos;
				SWIFT_COMPILATION_MODE = wholemodule;
				SWIFT_OPTIMIZATION_LEVEL = "-O";
				VALIDATE_PRODUCT = YES;
			};
			name = Release;
		};
		E5948A2D237D540C0033FE1C /* Debug */ = {
			isa = XCBuildConfiguration;
			buildSettings = {
				ASSETCATALOG_COMPILER_APPICON_NAME = AppIcon;
				CODE_SIGN_STYLE = Automatic;
				DEVELOPMENT_TEAM = ZS9A3Y8V79;
				INFOPLIST_FILE = FunctionalNetworking/Info.plist;
				LD_RUNPATH_SEARCH_PATHS = (
					"$(inherited)",
					"@executable_path/Frameworks",
				);
				PRODUCT_BUNDLE_IDENTIFIER = com.app.FunctionalNetworking;
				PRODUCT_NAME = "$(TARGET_NAME)";
				SWIFT_VERSION = 5.0;
				TARGETED_DEVICE_FAMILY = "1,2";
			};
			name = Debug;
		};
		E5948A2E237D540C0033FE1C /* Release */ = {
			isa = XCBuildConfiguration;
			buildSettings = {
				ASSETCATALOG_COMPILER_APPICON_NAME = AppIcon;
				CODE_SIGN_STYLE = Automatic;
				DEVELOPMENT_TEAM = ZS9A3Y8V79;
				INFOPLIST_FILE = FunctionalNetworking/Info.plist;
				LD_RUNPATH_SEARCH_PATHS = (
					"$(inherited)",
					"@executable_path/Frameworks",
				);
				PRODUCT_BUNDLE_IDENTIFIER = com.app.FunctionalNetworking;
				PRODUCT_NAME = "$(TARGET_NAME)";
				SWIFT_VERSION = 5.0;
				TARGETED_DEVICE_FAMILY = "1,2";
			};
			name = Release;
		};
/* End XCBuildConfiguration section */

/* Begin XCConfigurationList section */
		E5948A13237D540A0033FE1C /* Build configuration list for PBXProject "FunctionalNetworking" */ = {
			isa = XCConfigurationList;
			buildConfigurations = (
				E5948A2A237D540C0033FE1C /* Debug */,
				E5948A2B237D540C0033FE1C /* Release */,
			);
			defaultConfigurationIsVisible = 0;
			defaultConfigurationName = Release;
		};
		E5948A2C237D540C0033FE1C /* Build configuration list for PBXNativeTarget "FunctionalNetworking" */ = {
			isa = XCConfigurationList;
			buildConfigurations = (
				E5948A2D237D540C0033FE1C /* Debug */,
				E5948A2E237D540C0033FE1C /* Release */,
			);
			defaultConfigurationIsVisible = 0;
			defaultConfigurationName = Release;
		};
/* End XCConfigurationList section */
	};
	rootObject = E5948A10237D540A0033FE1C /* Project object */;
}
